
Microsoft Visual Studio Solution File, Format Version 12.00
# Visual Studio Version 17
VisualStudioVersion = 17.8.34309.116
MinimumVisualStudioVersion = 10.0.40219.1
Project("{FAE04EC0-301F-11D3-BF4B-00C04F79EFBC}") = "patikadev-switch-case-yapisi", "patikadev-switch-case-yapisi\patikadev-switch-case-yapisi.csproj", "{77D3C4B6-A373-421F-ADC6-DAEB1CE896D0}"
EndProject
Global
	GlobalSection(SolutionConfigurationPlatforms) = preSolution
		Debug|Any CPU = Debug|Any CPU
		Release|Any CPU = Release|Any CPU
	EndGlobalSection
	GlobalSection(ProjectConfigurationPlatforms) = postSolution
		{77D3C4B6-A373-421F-ADC6-DAEB1CE896D0}.Debug|Any CPU.ActiveCfg = Debug|Any CPU
		{77D3C4B6-A373-421F-ADC6-DAEB1CE896D0}.Debug|Any CPU.Build.0 = Debug|Any CPU
		{77D3C4B6-A373-421F-ADC6-DAEB1CE896D0}.Release|Any CPU.ActiveCfg = Release|Any CPU
		{77D3C4B6-A373-421F-ADC6-DAEB1CE896D0}.Release|Any CPU.Build.0 = Release|Any CPU
	EndGlobalSection
	GlobalSection(SolutionProperties) = preSolution
		HideSolutionNode = FALSE
	EndGlobalSection
	GlobalSection(ExtensibilityGlobals) = postSolution
		SolutionGuid = {B7FD9CC8-5202-411B-B054-BED9DE26BC28}
	EndGlobalSection
EndGlobal
